
Microsoft Visual Studio Solution File, Format Version 12.00
# Visual Studio Version 17
VisualStudioVersion = 17.3.32922.545
MinimumVisualStudioVersion = 10.0.40219.1
Project("{FAE04EC0-301F-11D3-BF4B-00C04F79EFBC}") = "PersonApi", "PersonApi.csproj", "{724D108C-30F7-4652-B4F2-15F10064FE82}"
EndProject
Global
	GlobalSection(SolutionConfigurationPlatforms) = preSolution
		Debug|Any CPU = Debug|Any CPU
		Release|Any CPU = Release|Any CPU
	EndGlobalSection
	GlobalSection(ProjectConfigurationPlatforms) = postSolution
		{724D108C-30F7-4652-B4F2-15F10064FE82}.Debug|Any CPU.ActiveCfg = Debug|Any CPU
		{724D108C-30F7-4652-B4F2-15F10064FE82}.Debug|Any CPU.Build.0 = Debug|Any CPU
		{724D108C-30F7-4652-B4F2-15F10064FE82}.Release|Any CPU.ActiveCfg = Release|Any CPU
		{724D108C-30F7-4652-B4F2-15F10064FE82}.Release|Any CPU.Build.0 = Release|Any CPU
	EndGlobalSection
	GlobalSection(SolutionProperties) = preSolution
		HideSolutionNode = FALSE
	EndGlobalSection
	GlobalSection(ExtensibilityGlobals) = postSolution
		SolutionGuid = {3EEC1F58-BC77-4D0F-915B-94EE27592049}
	EndGlobalSection
EndGlobal
